// !$*UTF8*$!
{
	archiveVersion = 1;
	classes = {
	};
	objectVersion = 48;
	objects = {

/* Begin PBXBuildFile section */
		027D2E49350B289FBB2D31B6 /* Pods_Google_AdMobs.framework in Frameworks */ = {isa = PBXBuildFile; fileRef = 3B9CE2B1D04D893477CE5A28 /* Pods_Google_AdMobs.framework */; };
		457840601F7DE9B900F5D73A /* AppDelegate.swift in Sources */ = {isa = PBXBuildFile; fileRef = 4578405F1F7DE9B900F5D73A /* AppDelegate.swift */; };
		457840651F7DE9B900F5D73A /* Main.storyboard in Resources */ = {isa = PBXBuildFile; fileRef = 457840631F7DE9B900F5D73A /* Main.storyboard */; };
		457840671F7DE9B900F5D73A /* Assets.xcassets in Resources */ = {isa = PBXBuildFile; fileRef = 457840661F7DE9B900F5D73A /* Assets.xcassets */; };
		4578406A1F7DE9B900F5D73A /* LaunchScreen.storyboard in Resources */ = {isa = PBXBuildFile; fileRef = 457840681F7DE9B900F5D73A /* LaunchScreen.storyboard */; };
		457840751F7DEA8700F5D73A /* NewsTableViewController.swift in Sources */ = {isa = PBXBuildFile; fileRef = 457840741F7DEA8700F5D73A /* NewsTableViewController.swift */; };
		457840771F7DEC0800F5D73A /* NewsCell.swift in Sources */ = {isa = PBXBuildFile; fileRef = 457840761F7DEC0800F5D73A /* NewsCell.swift */; };
/* End PBXBuildFile section */

/* Begin PBXFileReference section */
		27852FEA23EBFFCC49859255 /* Pods-Google AdMobs.release.xcconfig */ = {isa = PBXFileReference; includeInIndex = 1; lastKnownFileType = text.xcconfig; name = "Pods-Google AdMobs.release.xcconfig"; path = "Pods/Target Support Files/Pods-Google AdMobs/Pods-Google AdMobs.release.xcconfig"; sourceTree = "<group>"; };
		3B9CE2B1D04D893477CE5A28 /* Pods_Google_AdMobs.framework */ = {isa = PBXFileReference; explicitFileType = wrapper.framework; includeInIndex = 0; path = Pods_Google_AdMobs.framework; sourceTree = BUILT_PRODUCTS_DIR; };
		4578405C1F7DE9B900F5D73A /* Google AdMobs.app */ = {isa = PBXFileReference; explicitFileType = wrapper.application; includeInIndex = 0; path = "Google AdMobs.app"; sourceTree = BUILT_PRODUCTS_DIR; };
		4578405F1F7DE9B900F5D73A /* AppDelegate.swift */ = {isa = PBXFileReference; lastKnownFileType = sourcecode.swift; path = AppDelegate.swift; sourceTree = "<group>"; };
		457840641F7DE9B900F5D73A /* Base */ = {isa = PBXFileReference; lastKnownFileType = file.storyboard; name = Base; path = Base.lproj/Main.storyboard; sourceTree = "<group>"; };
		457840661F7DE9B900F5D73A /* Assets.xcassets */ = {isa = PBXFileReference; lastKnownFileType = folder.assetcatalog; path = Assets.xcassets; sourceTree = "<group>"; };
		457840691F7DE9B900F5D73A /* Base */ = {isa = PBXFileReference; lastKnownFileType = file.storyboard; name = Base; path = Base.lproj/LaunchScreen.storyboard; sourceTree = "<group>"; };
		4578406B1F7DE9B900F5D73A /* Info.plist */ = {isa = PBXFileReference; lastKnownFileType = text.plist.xml; path = Info.plist; sourceTree = "<group>"; };
		457840741F7DEA8700F5D73A /* NewsTableViewController.swift */ = {isa = PBXFileReference; lastKnownFileType = sourcecode.swift; path = NewsTableViewController.swift; sourceTree = "<group>"; };
		457840761F7DEC0800F5D73A /* NewsCell.swift */ = {isa = PBXFileReference; lastKnownFileType = sourcecode.swift; path = NewsCell.swift; sourceTree = "<group>"; };
		DC0B8970591A9E49B4306697 /* Pods-Google AdMobs.debug.xcconfig */ = {isa = PBXFileReference; includeInIndex = 1; lastKnownFileType = text.xcconfig; name = "Pods-Google AdMobs.debug.xcconfig"; path = "Pods/Target Support Files/Pods-Google AdMobs/Pods-Google AdMobs.debug.xcconfig"; sourceTree = "<group>"; };
/* End PBXFileReference section */

/* Begin PBXFrameworksBuildPhase section */
		457840591F7DE9B800F5D73A /* Frameworks */ = {
			isa = PBXFrameworksBuildPhase;
			buildActionMask = 2147483647;
			files = (
				027D2E49350B289FBB2D31B6 /* Pods_Google_AdMobs.framework in Frameworks */,
			);
			runOnlyForDeploymentPostprocessing = 0;
		};
/* End PBXFrameworksBuildPhase section */

/* Begin PBXGroup section */
		457840531F7DE9B800F5D73A = {
			isa = PBXGroup;
			children = (
				4578405E1F7DE9B900F5D73A /* Google AdMobs */,
				4578405D1F7DE9B900F5D73A /* Products */,
				77F060B1EC35055F81269109 /* Pods */,
				B9CE51A616C0A1B6CC0B7AF7 /* Frameworks */,
			);
			sourceTree = "<group>";
		};
		4578405D1F7DE9B900F5D73A /* Products */ = {
			isa = PBXGroup;
			children = (
				4578405C1F7DE9B900F5D73A /* Google AdMobs.app */,
			);
			name = Products;
			sourceTree = "<group>";
		};
		4578405E1F7DE9B900F5D73A /* Google AdMobs */ = {
			isa = PBXGroup;
			children = (
				457840711F7DE9CA00F5D73A /* Resources */,
				457840721F7DE9D300F5D73A /* View */,
				457840731F7DE9DC00F5D73A /* Controller */,
			);
			path = "Google AdMobs";
			sourceTree = "<group>";
		};
		457840711F7DE9CA00F5D73A /* Resources */ = {
			isa = PBXGroup;
			children = (
				4578406B1F7DE9B900F5D73A /* Info.plist */,
				457840661F7DE9B900F5D73A /* Assets.xcassets */,
			);
			path = Resources;
			sourceTree = "<group>";
		};
		457840721F7DE9D300F5D73A /* View */ = {
			isa = PBXGroup;
			children = (
				457840681F7DE9B900F5D73A /* LaunchScreen.storyboard */,
				457840631F7DE9B900F5D73A /* Main.storyboard */,
				457840761F7DEC0800F5D73A /* NewsCell.swift */,
			);
			path = View;
			sourceTree = "<group>";
		};
		457840731F7DE9DC00F5D73A /* Controller */ = {
			isa = PBXGroup;
			children = (
				4578405F1F7DE9B900F5D73A /* AppDelegate.swift */,
				457840741F7DEA8700F5D73A /* NewsTableViewController.swift */,
			);
			path = Controller;
			sourceTree = "<group>";
		};
		77F060B1EC35055F81269109 /* Pods */ = {
			isa = PBXGroup;
			children = (
				DC0B8970591A9E49B4306697 /* Pods-Google AdMobs.debug.xcconfig */,
				27852FEA23EBFFCC49859255 /* Pods-Google AdMobs.release.xcconfig */,
			);
			name = Pods;
			sourceTree = "<group>";
		};
		B9CE51A616C0A1B6CC0B7AF7 /* Frameworks */ = {
			isa = PBXGroup;
			children = (
				3B9CE2B1D04D893477CE5A28 /* Pods_Google_AdMobs.framework */,
			);
			name = Frameworks;
			sourceTree = "<group>";
		};
/* End PBXGroup section */

/* Begin PBXNativeTarget section */
		4578405B1F7DE9B800F5D73A /* Google AdMobs */ = {
			isa = PBXNativeTarget;
			buildConfigurationList = 4578406E1F7DE9B900F5D73A /* Build configuration list for PBXNativeTarget "Google AdMobs" */;
			buildPhases = (
				141B9E0FD32A133AEC914D99 /* [CP] Check Pods Manifest.lock */,
				457840581F7DE9B800F5D73A /* Sources */,
				457840591F7DE9B800F5D73A /* Frameworks */,
				4578405A1F7DE9B800F5D73A /* Resources */,
				87B1C55D160F60E9D122090F /* [CP] Embed Pods Frameworks */,
				F2EB41A52DB15CB2640AFECE /* [CP] Copy Pods Resources */,
			);
			buildRules = (
			);
			dependencies = (
			);
			name = "Google AdMobs";
			productName = "Google AdMobs";
			productReference = 4578405C1F7DE9B900F5D73A /* Google AdMobs.app */;
			productType = "com.apple.product-type.application";
		};
/* End PBXNativeTarget section */

/* Begin PBXProject section */
		457840541F7DE9B800F5D73A /* Project object */ = {
			isa = PBXProject;
			attributes = {
				LastSwiftUpdateCheck = 0900;
				LastUpgradeCheck = 0900;
				ORGANIZATIONNAME = "Chris Huang";
				TargetAttributes = {
					4578405B1F7DE9B800F5D73A = {
						CreatedOnToolsVersion = 9.0;
						ProvisioningStyle = Automatic;
					};
				};
			};
			buildConfigurationList = 457840571F7DE9B800F5D73A /* Build configuration list for PBXProject "Google AdMobs" */;
			compatibilityVersion = "Xcode 8.0";
			developmentRegion = en;
			hasScannedForEncodings = 0;
			knownRegions = (
				en,
				Base,
			);
			mainGroup = 457840531F7DE9B800F5D73A;
			productRefGroup = 4578405D1F7DE9B900F5D73A /* Products */;
			projectDirPath = "";
			projectRoot = "";
			targets = (
				4578405B1F7DE9B800F5D73A /* Google AdMobs */,
			);
		};
/* End PBXProject section */

/* Begin PBXResourcesBuildPhase section */
		4578405A1F7DE9B800F5D73A /* Resources */ = {
			isa = PBXResourcesBuildPhase;
			buildActionMask = 2147483647;
			files = (
				4578406A1F7DE9B900F5D73A /* LaunchScreen.storyboard in Resources */,
				457840671F7DE9B900F5D73A /* Assets.xcassets in Resources */,
				457840651F7DE9B900F5D73A /* Main.storyboard in Resources */,
			);
			runOnlyForDeploymentPostprocessing = 0;
		};
/* End PBXResourcesBuildPhase section */

/* Begin PBXShellScriptBuildPhase section */
		141B9E0FD32A133AEC914D99 /* [CP] Check Pods Manifest.lock */ = {
			isa = PBXShellScriptBuildPhase;
			buildActionMask = 2147483647;
			files = (
			);
			inputPaths = (
				"${PODS_PODFILE_DIR_PATH}/Podfile.lock",
				"${PODS_ROOT}/Manifest.lock",
			);
			name = "[CP] Check Pods Manifest.lock";
			outputPaths = (
				"$(DERIVED_FILE_DIR)/Pods-Google AdMobs-checkManifestLockResult.txt",
			);
			runOnlyForDeploymentPostprocessing = 0;
			shellPath = /bin/sh;
			shellScript = "diff \"${PODS_PODFILE_DIR_PATH}/Podfile.lock\" \"${PODS_ROOT}/Manifest.lock\" > /dev/null\nif [ $? != 0 ] ; then\n    # print error to STDERR\n    echo \"error: The sandbox is not in sync with the Podfile.lock. Run 'pod install' or update your CocoaPods installation.\" >&2\n    exit 1\nfi\n# This output is used by Xcode 'outputs' to avoid re-running this script phase.\necho \"SUCCESS\" > \"${SCRIPT_OUTPUT_FILE_0}\"\n";
			showEnvVarsInLog = 0;
		};
		87B1C55D160F60E9D122090F /* [CP] Embed Pods Frameworks */ = {
			isa = PBXShellScriptBuildPhase;
			buildActionMask = 2147483647;
			files = (
			);
			inputPaths = (
			);
			name = "[CP] Embed Pods Frameworks";
			outputPaths = (
			);
			runOnlyForDeploymentPostprocessing = 0;
			shellPath = /bin/sh;
			shellScript = "\"${SRCROOT}/Pods/Target Support Files/Pods-Google AdMobs/Pods-Google AdMobs-frameworks.sh\"\n";
			showEnvVarsInLog = 0;
		};
		F2EB41A52DB15CB2640AFECE /* [CP] Copy Pods Resources */ = {
			isa = PBXShellScriptBuildPhase;
			buildActionMask = 2147483647;
			files = (
			);
			inputPaths = (
			);
			name = "[CP] Copy Pods Resources";
			outputPaths = (
			);
			runOnlyForDeploymentPostprocessing = 0;
			shellPath = /bin/sh;
			shellScript = "\"${SRCROOT}/Pods/Target Support Files/Pods-Google AdMobs/Pods-Google AdMobs-resources.sh\"\n";
			showEnvVarsInLog = 0;
		};
/* End PBXShellScriptBuildPhase section */

/* Begin PBXSourcesBuildPhase section */
		457840581F7DE9B800F5D73A /* Sources */ = {
			isa = PBXSourcesBuildPhase;
			buildActionMask = 2147483647;
			files = (
				457840751F7DEA8700F5D73A /* NewsTableViewController.swift in Sources */,
				457840771F7DEC0800F5D73A /* NewsCell.swift in Sources */,
				457840601F7DE9B900F5D73A /* AppDelegate.swift in Sources */,
			);
			runOnlyForDeploymentPostprocessing = 0;
		};
/* End PBXSourcesBuildPhase section */

/* Begin PBXVariantGroup section */
		457840631F7DE9B900F5D73A /* Main.storyboard */ = {
			isa = PBXVariantGroup;
			children = (
				457840641F7DE9B900F5D73A /* Base */,
			);
			name = Main.storyboard;
			sourceTree = "<group>";
		};
		457840681F7DE9B900F5D73A /* LaunchScreen.storyboard */ = {
			isa = PBXVariantGroup;
			children = (
				457840691F7DE9B900F5D73A /* Base */,
			);
			name = LaunchScreen.storyboard;
			sourceTree = "<group>";
		};
/* End PBXVariantGroup section */

/* Begin XCBuildConfiguration section */
		4578406C1F7DE9B900F5D73A /* Debug */ = {
			isa = XCBuildConfiguration;
			buildSettings = {
				ALWAYS_SEARCH_USER_PATHS = NO;
				CLANG_ANALYZER_NONNULL = YES;
				CLANG_ANALYZER_NUMBER_OBJECT_CONVERSION = YES_AGGRESSIVE;
				CLANG_CXX_LANGUAGE_STANDARD = "gnu++14";
				CLANG_CXX_LIBRARY = "libc++";
				CLANG_ENABLE_MODULES = YES;
				CLANG_ENABLE_OBJC_ARC = YES;
				CLANG_WARN_BLOCK_CAPTURE_AUTORELEASING = YES;
				CLANG_WARN_BOOL_CONVERSION = YES;
				CLANG_WARN_COMMA = YES;
				CLANG_WARN_CONSTANT_CONVERSION = YES;
				CLANG_WARN_DIRECT_OBJC_ISA_USAGE = YES_ERROR;
				CLANG_WARN_DOCUMENTATION_COMMENTS = YES;
				CLANG_WARN_EMPTY_BODY = YES;
				CLANG_WARN_ENUM_CONVERSION = YES;
				CLANG_WARN_INFINITE_RECURSION = YES;
				CLANG_WARN_INT_CONVERSION = YES;
				CLANG_WARN_NON_LITERAL_NULL_CONVERSION = YES;
				CLANG_WARN_OBJC_LITERAL_CONVERSION = YES;
				CLANG_WARN_OBJC_ROOT_CLASS = YES_ERROR;
				CLANG_WARN_RANGE_LOOP_ANALYSIS = YES;
				CLANG_WARN_STRICT_PROTOTYPES = YES;
				CLANG_WARN_SUSPICIOUS_MOVE = YES;
				CLANG_WARN_UNGUARDED_AVAILABILITY = YES_AGGRESSIVE;
				CLANG_WARN_UNREACHABLE_CODE = YES;
				CLANG_WARN__DUPLICATE_METHOD_MATCH = YES;
				CODE_SIGN_IDENTITY = "iPhone Developer";
				COPY_PHASE_STRIP = NO;
				DEBUG_INFORMATION_FORMAT = dwarf;
				ENABLE_STRICT_OBJC_MSGSEND = YES;
				ENABLE_TESTABILITY = YES;
				GCC_C_LANGUAGE_STANDARD = gnu11;
				GCC_DYNAMIC_NO_PIC = NO;
				GCC_NO_COMMON_BLOCKS = YES;
				GCC_OPTIMIZATION_LEVEL = 0;
				GCC_PREPROCESSOR_DEFINITIONS = (
					"DEBUG=1",
					"$(inherited)",
				);
				GCC_WARN_64_TO_32_BIT_CONVERSION = YES;
				GCC_WARN_ABOUT_RETURN_TYPE = YES_ERROR;
				GCC_WARN_UNDECLARED_SELECTOR = YES;
				GCC_WARN_UNINITIALIZED_AUTOS = YES_AGGRESSIVE;
				GCC_WARN_UNUSED_FUNCTION = YES;
				GCC_WARN_UNUSED_VARIABLE = YES;
				IPHONEOS_DEPLOYMENT_TARGET = 11.0;
				MTL_ENABLE_DEBUG_INFO = YES;
				ONLY_ACTIVE_ARCH = YES;
				SDKROOT = iphoneos;
				SWIFT_ACTIVE_COMPILATION_CONDITIONS = DEBUG;
				SWIFT_OPTIMIZATION_LEVEL = "-Onone";
			};
			name = Debug;
		};
		4578406D1F7DE9B900F5D73A /* Release */ = {
			isa = XCBuildConfiguration;
			buildSettings = {
				ALWAYS_SEARCH_USER_PATHS = NO;
				CLANG_ANALYZER_NONNULL = YES;
				CLANG_ANALYZER_NUMBER_OBJECT_CONVERSION = YES_AGGRESSIVE;
				CLANG_CXX_LANGUAGE_STANDARD = "gnu++14";
				CLANG_CXX_LIBRARY = "libc++";
				CLANG_ENABLE_MODULES = YES;
				CLANG_ENABLE_OBJC_ARC = YES;
				CLANG_WARN_BLOCK_CAPTURE_AUTORELEASING = YES;
				CLANG_WARN_BOOL_CONVERSION = YES;
				CLANG_WARN_COMMA = YES;
				CLANG_WARN_CONSTANT_CONVERSION = YES;
				CLANG_WARN_DIRECT_OBJC_ISA_USAGE = YES_ERROR;
				CLANG_WARN_DOCUMENTATION_COMMENTS = YES;
				CLANG_WARN_EMPTY_BODY = YES;
				CLANG_WARN_ENUM_CONVERSION = YES;
				CLANG_WARN_INFINITE_RECURSION = YES;
				CLANG_WARN_INT_CONVERSION = YES;
				CLANG_WARN_NON_LITERAL_NULL_CONVERSION = YES;
				CLANG_WARN_OBJC_LITERAL_CONVERSION = YES;
				CLANG_WARN_OBJC_ROOT_CLASS = YES_ERROR;
				CLANG_WARN_RANGE_LOOP_ANALYSIS = YES;
				CLANG_WARN_STRICT_PROTOTYPES = YES;
				CLANG_WARN_SUSPICIOUS_MOVE = YES;
				CLANG_WARN_UNGUARDED_AVAILABILITY = YES_AGGRESSIVE;
				CLANG_WARN_UNREACHABLE_CODE = YES;
				CLANG_WARN__DUPLICATE_METHOD_MATCH = YES;
				CODE_SIGN_IDENTITY = "iPhone Developer";
				COPY_PHASE_STRIP = NO;
				DEBUG_INFORMATION_FORMAT = "dwarf-with-dsym";
				ENABLE_NS_ASSERTIONS = NO;
				ENABLE_STRICT_OBJC_MSGSEND = YES;
				GCC_C_LANGUAGE_STANDARD = gnu11;
				GCC_NO_COMMON_BLOCKS = YES;
				GCC_WARN_64_TO_32_BIT_CONVERSION = YES;
				GCC_WARN_ABOUT_RETURN_TYPE = YES_ERROR;
				GCC_WARN_UNDECLARED_SELECTOR = YES;
				GCC_WARN_UNINITIALIZED_AUTOS = YES_AGGRESSIVE;
				GCC_WARN_UNUSED_FUNCTION = YES;
				GCC_WARN_UNUSED_VARIABLE = YES;
				IPHONEOS_DEPLOYMENT_TARGET = 11.0;
				MTL_ENABLE_DEBUG_INFO = NO;
				SDKROOT = iphoneos;
				SWIFT_OPTIMIZATION_LEVEL = "-Owholemodule";
				VALIDATE_PRODUCT = YES;
			};
			name = Release;
		};
		4578406F1F7DE9B900F5D73A /* Debug */ = {
			isa = XCBuildConfiguration;
			baseConfigurationReference = DC0B8970591A9E49B4306697 /* Pods-Google AdMobs.debug.xcconfig */;
			buildSettings = {
				ASSETCATALOG_COMPILER_APPICON_NAME = AppIcon;
				CODE_SIGN_STYLE = Automatic;
				DEVELOPMENT_TEAM = X5GHG6Y372;
				INFOPLIST_FILE = "$(SRCROOT)/Google AdMobs/Resources/Info.plist";
				LD_RUNPATH_SEARCH_PATHS = "$(inherited) @executable_path/Frameworks";
				PRODUCT_BUNDLE_IDENTIFIER = "com.DevXris.Google-AdMobs";
				PRODUCT_NAME = "$(TARGET_NAME)";
				SWIFT_VERSION = 4.0;
				TARGETED_DEVICE_FAMILY = "1,2";
			};
			name = Debug;
		};
		457840701F7DE9B900F5D73A /* Release */ = {
			isa = XCBuildConfiguration;
			baseConfigurationReference = 27852FEA23EBFFCC49859255 /* Pods-Google AdMobs.release.xcconfig */;
			buildSettings = {
				ASSETCATALOG_COMPILER_APPICON_NAME = AppIcon;
				CODE_SIGN_STYLE = Automatic;
				DEVELOPMENT_TEAM = X5GHG6Y372;
				INFOPLIST_FILE = "$(SRCROOT)/Google AdMobs/Resources/Info.plist";
				LD_RUNPATH_SEARCH_PATHS = "$(inherited) @executable_path/Frameworks";
				PRODUCT_BUNDLE_IDENTIFIER = "com.DevXris.Google-AdMobs";
				PRODUCT_NAME = "$(TARGET_NAME)";
				SWIFT_VERSION = 4.0;
				TARGETED_DEVICE_FAMILY = "1,2";
			};
			name = Release;
		};
/* End XCBuildConfiguration section */

/* Begin XCConfigurationList section */
		457840571F7DE9B800F5D73A /* Build configuration list for PBXProject "Google AdMobs" */ = {
			isa = XCConfigurationList;
			buildConfigurations = (
				4578406C1F7DE9B900F5D73A /* Debug */,
				4578406D1F7DE9B900F5D73A /* Release */,
			);
			defaultConfigurationIsVisible = 0;
			defaultConfigurationName = Release;
		};
		4578406E1F7DE9B900F5D73A /* Build configuration list for PBXNativeTarget "Google AdMobs" */ = {
			isa = XCConfigurationList;
			buildConfigurations = (
				4578406F1F7DE9B900F5D73A /* Debug */,
				457840701F7DE9B900F5D73A /* Release */,
			);
			defaultConfigurationIsVisible = 0;
			defaultConfigurationName = Release;
		};
/* End XCConfigurationList section */
	};
	rootObject = 457840541F7DE9B800F5D73A /* Project object */;
}
